
Microsoft Visual Studio Solution File, Format Version 12.00
# Visual Studio Version 17
VisualStudioVersion = 17.0.31903.59
MinimumVisualStudioVersion = 10.0.40219.1
Project("{2150E333-8FDC-42A3-9474-1A3956D46DE8}") = "src", "src", "{7D257093-EB00-4D6D-BB7D-2C9D9683C2CC}"
EndProject
Project("{FAE04EC0-301F-11D3-BF4B-00C04F79EFBC}") = "AuctionService", "src\AuctionService\AuctionService.csproj", "{43D55AA1-9526-4731-AA6E-3C6C96BD381C}"
EndProject
Project("{FAE04EC0-301F-11D3-BF4B-00C04F79EFBC}") = "SearchService", "src\SearchService\SearchService.csproj", "{4079C802-AF35-4A98-B635-AB02E05CDF08}"
EndProject
Project("{FAE04EC0-301F-11D3-BF4B-00C04F79EFBC}") = "Contracts", "src\Contracts\Contracts.csproj", "{C3733601-1ABD-4FAD-A56B-F62BCDBC8216}"
EndProject
Project("{FAE04EC0-301F-11D3-BF4B-00C04F79EFBC}") = "IdentityService", "src\IdentityService\IdentityService.csproj", "{9789BADC-FFBD-4A60-BBB2-31C4025FC133}"
EndProject
Project("{FAE04EC0-301F-11D3-BF4B-00C04F79EFBC}") = "GatewayService", "src\GatewayService\GatewayService.csproj", "{10EDB943-A587-4C91-A28A-DE7D8D3431C9}"
EndProject
Project("{FAE04EC0-301F-11D3-BF4B-00C04F79EFBC}") = "BiddingService", "src\BiddingService\BiddingService.csproj", "{BDBDD612-ADFD-4CFC-98CC-03D995965C88}"
EndProject
Project("{FAE04EC0-301F-11D3-BF4B-00C04F79EFBC}") = "NotificationService", "src\NotificationService\NotificationService.csproj", "{23E037ED-53E8-4501-B14D-30E88E5B3459}"
EndProject
Project("{2150E333-8FDC-42A3-9474-1A3956D46DE8}") = "tests", "tests", "{16B70887-5F56-43F0-8436-5D392690B0AC}"
EndProject
Project("{FAE04EC0-301F-11D3-BF4B-00C04F79EFBC}") = "AuctionService.UnitTests", "tests\AuctionService.UnitTests\AuctionService.UnitTests.csproj", "{5A0433EE-176F-40B3-9704-6739960CE28F}"
EndProject
Project("{FAE04EC0-301F-11D3-BF4B-00C04F79EFBC}") = "AuctionService.IntegrationTests", "tests\AuctionService.IntegrationTests\AuctionService.IntegrationTests.csproj", "{1839450E-5BED-48E9-A49D-54B2F33C4427}"
EndProject
Global
	GlobalSection(SolutionConfigurationPlatforms) = preSolution
		Debug|Any CPU = Debug|Any CPU
		Release|Any CPU = Release|Any CPU
	EndGlobalSection
	GlobalSection(SolutionProperties) = preSolution
		HideSolutionNode = FALSE
	EndGlobalSection
	GlobalSection(ProjectConfigurationPlatforms) = postSolution
		{43D55AA1-9526-4731-AA6E-3C6C96BD381C}.Debug|Any CPU.ActiveCfg = Debug|Any CPU
		{43D55AA1-9526-4731-AA6E-3C6C96BD381C}.Debug|Any CPU.Build.0 = Debug|Any CPU
		{43D55AA1-9526-4731-AA6E-3C6C96BD381C}.Release|Any CPU.ActiveCfg = Release|Any CPU
		{43D55AA1-9526-4731-AA6E-3C6C96BD381C}.Release|Any CPU.Build.0 = Release|Any CPU
		{4079C802-AF35-4A98-B635-AB02E05CDF08}.Debug|Any CPU.ActiveCfg = Debug|Any CPU
		{4079C802-AF35-4A98-B635-AB02E05CDF08}.Debug|Any CPU.Build.0 = Debug|Any CPU
		{4079C802-AF35-4A98-B635-AB02E05CDF08}.Release|Any CPU.ActiveCfg = Release|Any CPU
		{4079C802-AF35-4A98-B635-AB02E05CDF08}.Release|Any CPU.Build.0 = Release|Any CPU
		{C3733601-1ABD-4FAD-A56B-F62BCDBC8216}.Debug|Any CPU.ActiveCfg = Debug|Any CPU
		{C3733601-1ABD-4FAD-A56B-F62BCDBC8216}.Debug|Any CPU.Build.0 = Debug|Any CPU
		{C3733601-1ABD-4FAD-A56B-F62BCDBC8216}.Release|Any CPU.ActiveCfg = Release|Any CPU
		{C3733601-1ABD-4FAD-A56B-F62BCDBC8216}.Release|Any CPU.Build.0 = Release|Any CPU
		{9789BADC-FFBD-4A60-BBB2-31C4025FC133}.Debug|Any CPU.ActiveCfg = Debug|Any CPU
		{9789BADC-FFBD-4A60-BBB2-31C4025FC133}.Debug|Any CPU.Build.0 = Debug|Any CPU
		{9789BADC-FFBD-4A60-BBB2-31C4025FC133}.Release|Any CPU.ActiveCfg = Release|Any CPU
		{9789BADC-FFBD-4A60-BBB2-31C4025FC133}.Release|Any CPU.Build.0 = Release|Any CPU
		{10EDB943-A587-4C91-A28A-DE7D8D3431C9}.Debug|Any CPU.ActiveCfg = Debug|Any CPU
		{10EDB943-A587-4C91-A28A-DE7D8D3431C9}.Debug|Any CPU.Build.0 = Debug|Any CPU
		{10EDB943-A587-4C91-A28A-DE7D8D3431C9}.Release|Any CPU.ActiveCfg = Release|Any CPU
		{10EDB943-A587-4C91-A28A-DE7D8D3431C9}.Release|Any CPU.Build.0 = Release|Any CPU
		{BDBDD612-ADFD-4CFC-98CC-03D995965C88}.Debug|Any CPU.ActiveCfg = Debug|Any CPU
		{BDBDD612-ADFD-4CFC-98CC-03D995965C88}.Debug|Any CPU.Build.0 = Debug|Any CPU
		{BDBDD612-ADFD-4CFC-98CC-03D995965C88}.Release|Any CPU.ActiveCfg = Release|Any CPU
		{BDBDD612-ADFD-4CFC-98CC-03D995965C88}.Release|Any CPU.Build.0 = Release|Any CPU
		{23E037ED-53E8-4501-B14D-30E88E5B3459}.Debug|Any CPU.ActiveCfg = Debug|Any CPU
		{23E037ED-53E8-4501-B14D-30E88E5B3459}.Debug|Any CPU.Build.0 = Debug|Any CPU
		{23E037ED-53E8-4501-B14D-30E88E5B3459}.Release|Any CPU.ActiveCfg = Release|Any CPU
		{23E037ED-53E8-4501-B14D-30E88E5B3459}.Release|Any CPU.Build.0 = Release|Any CPU
		{5A0433EE-176F-40B3-9704-6739960CE28F}.Debug|Any CPU.ActiveCfg = Debug|Any CPU
		{5A0433EE-176F-40B3-9704-6739960CE28F}.Debug|Any CPU.Build.0 = Debug|Any CPU
		{5A0433EE-176F-40B3-9704-6739960CE28F}.Release|Any CPU.ActiveCfg = Release|Any CPU
		{5A0433EE-176F-40B3-9704-6739960CE28F}.Release|Any CPU.Build.0 = Release|Any CPU
		{1839450E-5BED-48E9-A49D-54B2F33C4427}.Debug|Any CPU.ActiveCfg = Debug|Any CPU
		{1839450E-5BED-48E9-A49D-54B2F33C4427}.Debug|Any CPU.Build.0 = Debug|Any CPU
		{1839450E-5BED-48E9-A49D-54B2F33C4427}.Release|Any CPU.ActiveCfg = Release|Any CPU
		{1839450E-5BED-48E9-A49D-54B2F33C4427}.Release|Any CPU.Build.0 = Release|Any CPU
	EndGlobalSection
	GlobalSection(NestedProjects) = preSolution
		{43D55AA1-9526-4731-AA6E-3C6C96BD381C} = {7D257093-EB00-4D6D-BB7D-2C9D9683C2CC}
		{4079C802-AF35-4A98-B635-AB02E05CDF08} = {7D257093-EB00-4D6D-BB7D-2C9D9683C2CC}
		{C3733601-1ABD-4FAD-A56B-F62BCDBC8216} = {7D257093-EB00-4D6D-BB7D-2C9D9683C2CC}
		{9789BADC-FFBD-4A60-BBB2-31C4025FC133} = {7D257093-EB00-4D6D-BB7D-2C9D9683C2CC}
		{10EDB943-A587-4C91-A28A-DE7D8D3431C9} = {7D257093-EB00-4D6D-BB7D-2C9D9683C2CC}
		{BDBDD612-ADFD-4CFC-98CC-03D995965C88} = {7D257093-EB00-4D6D-BB7D-2C9D9683C2CC}
		{23E037ED-53E8-4501-B14D-30E88E5B3459} = {7D257093-EB00-4D6D-BB7D-2C9D9683C2CC}
		{5A0433EE-176F-40B3-9704-6739960CE28F} = {16B70887-5F56-43F0-8436-5D392690B0AC}
		{1839450E-5BED-48E9-A49D-54B2F33C4427} = {16B70887-5F56-43F0-8436-5D392690B0AC}
	EndGlobalSection
EndGlobal
